// !$*UTF8*$!
{
	archiveVersion = 1;
	classes = {
	};
	objectVersion = 46;
	objects = {

/* Begin PBXBuildFile section */
		93029DB21AF7EDC60090D0A5 /* UIView+LayoutConstraints.swift in Sources */ = {isa = PBXBuildFile; fileRef = AA55723619FCE2A3003A1473 /* UIView+LayoutConstraints.swift */; };
		AA55721719FCE290003A1473 /* AppDelegate.swift in Sources */ = {isa = PBXBuildFile; fileRef = AA55721619FCE290003A1473 /* AppDelegate.swift */; };
		AA55721C19FCE290003A1473 /* Main.storyboard in Resources */ = {isa = PBXBuildFile; fileRef = AA55721A19FCE290003A1473 /* Main.storyboard */; };
		AA55721E19FCE290003A1473 /* Images.xcassets in Resources */ = {isa = PBXBuildFile; fileRef = AA55721D19FCE290003A1473 /* Images.xcassets */; };
		AA55722119FCE290003A1473 /* LaunchScreen.xib in Resources */ = {isa = PBXBuildFile; fileRef = AA55721F19FCE290003A1473 /* LaunchScreen.xib */; };
		AA55722D19FCE290003A1473 /* UIView+LayoutConstraintsTestCase.swift in Sources */ = {isa = PBXBuildFile; fileRef = AA55722C19FCE290003A1473 /* UIView+LayoutConstraintsTestCase.swift */; };
		AA55723719FCE2A3003A1473 /* UIView+LayoutConstraints.swift in Sources */ = {isa = PBXBuildFile; fileRef = AA55723619FCE2A3003A1473 /* UIView+LayoutConstraints.swift */; };
/* End PBXBuildFile section */

/* Begin PBXContainerItemProxy section */
		AA55722719FCE290003A1473 /* PBXContainerItemProxy */ = {
			isa = PBXContainerItemProxy;
			containerPortal = AA55720919FCE290003A1473 /* Project object */;
			proxyType = 1;
			remoteGlobalIDString = AA55721019FCE290003A1473;
			remoteInfo = AutoLayoutHelper;
		};
/* End PBXContainerItemProxy section */

/* Begin PBXFileReference section */
		AA55721119FCE290003A1473 /* AutoLayoutHelper.app */ = {isa = PBXFileReference; explicitFileType = wrapper.application; includeInIndex = 0; path = AutoLayoutHelper.app; sourceTree = BUILT_PRODUCTS_DIR; };
		AA55721519FCE290003A1473 /* Info.plist */ = {isa = PBXFileReference; lastKnownFileType = text.plist.xml; path = Info.plist; sourceTree = "<group>"; };
		AA55721619FCE290003A1473 /* AppDelegate.swift */ = {isa = PBXFileReference; lastKnownFileType = sourcecode.swift; path = AppDelegate.swift; sourceTree = "<group>"; };
		AA55721B19FCE290003A1473 /* Base */ = {isa = PBXFileReference; lastKnownFileType = file.storyboard; name = Base; path = Base.lproj/Main.storyboard; sourceTree = "<group>"; };
		AA55721D19FCE290003A1473 /* Images.xcassets */ = {isa = PBXFileReference; lastKnownFileType = folder.assetcatalog; path = Images.xcassets; sourceTree = "<group>"; };
		AA55722019FCE290003A1473 /* Base */ = {isa = PBXFileReference; lastKnownFileType = file.xib; name = Base; path = Base.lproj/LaunchScreen.xib; sourceTree = "<group>"; };
		AA55722619FCE290003A1473 /* AutoLayoutHelperTests.xctest */ = {isa = PBXFileReference; explicitFileType = wrapper.cfbundle; includeInIndex = 0; path = AutoLayoutHelperTests.xctest; sourceTree = BUILT_PRODUCTS_DIR; };
		AA55722B19FCE290003A1473 /* Info.plist */ = {isa = PBXFileReference; lastKnownFileType = text.plist.xml; path = Info.plist; sourceTree = "<group>"; };
		AA55722C19FCE290003A1473 /* UIView+LayoutConstraintsTestCase.swift */ = {isa = PBXFileReference; lastKnownFileType = sourcecode.swift; path = "UIView+LayoutConstraintsTestCase.swift"; sourceTree = "<group>"; };
		AA55723619FCE2A3003A1473 /* UIView+LayoutConstraints.swift */ = {isa = PBXFileReference; fileEncoding = 4; lastKnownFileType = sourcecode.swift; path = "UIView+LayoutConstraints.swift"; sourceTree = "<group>"; };
/* End PBXFileReference section */

/* Begin PBXFrameworksBuildPhase section */
		AA55720E19FCE290003A1473 /* Frameworks */ = {
			isa = PBXFrameworksBuildPhase;
			buildActionMask = 2147483647;
			files = (
			);
			runOnlyForDeploymentPostprocessing = 0;
		};
		AA55722319FCE290003A1473 /* Frameworks */ = {
			isa = PBXFrameworksBuildPhase;
			buildActionMask = 2147483647;
			files = (
			);
			runOnlyForDeploymentPostprocessing = 0;
		};
/* End PBXFrameworksBuildPhase section */

/* Begin PBXGroup section */
		AA55720819FCE290003A1473 = {
			isa = PBXGroup;
			children = (
				AA55721319FCE290003A1473 /* AutoLayoutHelper */,
				AA55722919FCE290003A1473 /* AutoLayoutHelperTests */,
				AA55721219FCE290003A1473 /* Products */,
			);
			sourceTree = "<group>";
		};
		AA55721219FCE290003A1473 /* Products */ = {
			isa = PBXGroup;
			children = (
				AA55721119FCE290003A1473 /* AutoLayoutHelper.app */,
				AA55722619FCE290003A1473 /* AutoLayoutHelperTests.xctest */,
			);
			name = Products;
			sourceTree = "<group>";
		};
		AA55721319FCE290003A1473 /* AutoLayoutHelper */ = {
			isa = PBXGroup;
			children = (
				AA55723619FCE2A3003A1473 /* UIView+LayoutConstraints.swift */,
				AA55721619FCE290003A1473 /* AppDelegate.swift */,
				AA55721A19FCE290003A1473 /* Main.storyboard */,
				AA55721D19FCE290003A1473 /* Images.xcassets */,
				AA55721F19FCE290003A1473 /* LaunchScreen.xib */,
				AA55721419FCE290003A1473 /* Supporting Files */,
			);
			path = AutoLayoutHelper;
			sourceTree = "<group>";
		};
		AA55721419FCE290003A1473 /* Supporting Files */ = {
			isa = PBXGroup;
			children = (
				AA55721519FCE290003A1473 /* Info.plist */,
			);
			name = "Supporting Files";
			sourceTree = "<group>";
		};
		AA55722919FCE290003A1473 /* AutoLayoutHelperTests */ = {
			isa = PBXGroup;
			children = (
				AA55722C19FCE290003A1473 /* UIView+LayoutConstraintsTestCase.swift */,
				AA55722A19FCE290003A1473 /* Supporting Files */,
			);
			path = AutoLayoutHelperTests;
			sourceTree = "<group>";
		};
		AA55722A19FCE290003A1473 /* Supporting Files */ = {
			isa = PBXGroup;
			children = (
				AA55722B19FCE290003A1473 /* Info.plist */,
			);
			name = "Supporting Files";
			sourceTree = "<group>";
		};
/* End PBXGroup section */

/* Begin PBXNativeTarget section */
		AA55721019FCE290003A1473 /* AutoLayoutHelper */ = {
			isa = PBXNativeTarget;
			buildConfigurationList = AA55723019FCE290003A1473 /* Build configuration list for PBXNativeTarget "AutoLayoutHelper" */;
			buildPhases = (
				AA55720D19FCE290003A1473 /* Sources */,
				AA55720E19FCE290003A1473 /* Frameworks */,
				AA55720F19FCE290003A1473 /* Resources */,
			);
			buildRules = (
			);
			dependencies = (
			);
			name = AutoLayoutHelper;
			productName = AutoLayoutHelper;
			productReference = AA55721119FCE290003A1473 /* AutoLayoutHelper.app */;
			productType = "com.apple.product-type.application";
		};
		AA55722519FCE290003A1473 /* AutoLayoutHelperTests */ = {
			isa = PBXNativeTarget;
			buildConfigurationList = AA55723319FCE290003A1473 /* Build configuration list for PBXNativeTarget "AutoLayoutHelperTests" */;
			buildPhases = (
				AA55722219FCE290003A1473 /* Sources */,
				AA55722319FCE290003A1473 /* Frameworks */,
				AA55722419FCE290003A1473 /* Resources */,
			);
			buildRules = (
			);
			dependencies = (
				AA55722819FCE290003A1473 /* PBXTargetDependency */,
			);
			name = AutoLayoutHelperTests;
			productName = AutoLayoutHelperTests;
			productReference = AA55722619FCE290003A1473 /* AutoLayoutHelperTests.xctest */;
			productType = "com.apple.product-type.bundle.unit-test";
		};
/* End PBXNativeTarget section */

/* Begin PBXProject section */
		AA55720919FCE290003A1473 /* Project object */ = {
			isa = PBXProject;
			attributes = {
				LastUpgradeCheck = 0610;
				ORGANIZATIONNAME = madhikarma;
				TargetAttributes = {
					AA55721019FCE290003A1473 = {
						CreatedOnToolsVersion = 6.1;
					};
					AA55722519FCE290003A1473 = {
						CreatedOnToolsVersion = 6.1;
						TestTargetID = AA55721019FCE290003A1473;
					};
				};
			};
			buildConfigurationList = AA55720C19FCE290003A1473 /* Build configuration list for PBXProject "AutoLayoutHelper" */;
			compatibilityVersion = "Xcode 3.2";
			developmentRegion = English;
			hasScannedForEncodings = 0;
			knownRegions = (
				en,
				Base,
			);
			mainGroup = AA55720819FCE290003A1473;
			productRefGroup = AA55721219FCE290003A1473 /* Products */;
			projectDirPath = "";
			projectRoot = "";
			targets = (
				AA55721019FCE290003A1473 /* AutoLayoutHelper */,
				AA55722519FCE290003A1473 /* AutoLayoutHelperTests */,
			);
		};
/* End PBXProject section */

/* Begin PBXResourcesBuildPhase section */
		AA55720F19FCE290003A1473 /* Resources */ = {
			isa = PBXResourcesBuildPhase;
			buildActionMask = 2147483647;
			files = (
				AA55721C19FCE290003A1473 /* Main.storyboard in Resources */,
				AA55722119FCE290003A1473 /* LaunchScreen.xib in Resources */,
				AA55721E19FCE290003A1473 /* Images.xcassets in Resources */,
			);
			runOnlyForDeploymentPostprocessing = 0;
		};
		AA55722419FCE290003A1473 /* Resources */ = {
			isa = PBXResourcesBuildPhase;
			buildActionMask = 2147483647;
			files = (
			);
			runOnlyForDeploymentPostprocessing = 0;
		};
/* End PBXResourcesBuildPhase section */

/* Begin PBXSourcesBuildPhase section */
		AA55720D19FCE290003A1473 /* Sources */ = {
			isa = PBXSourcesBuildPhase;
			buildActionMask = 2147483647;
			files = (
				AA55721719FCE290003A1473 /* AppDelegate.swift in Sources */,
				AA55723719FCE2A3003A1473 /* UIView+LayoutConstraints.swift in Sources */,
			);
			runOnlyForDeploymentPostprocessing = 0;
		};
		AA55722219FCE290003A1473 /* Sources */ = {
			isa = PBXSourcesBuildPhase;
			buildActionMask = 2147483647;
			files = (
				93029DB21AF7EDC60090D0A5 /* UIView+LayoutConstraints.swift in Sources */,
				AA55722D19FCE290003A1473 /* UIView+LayoutConstraintsTestCase.swift in Sources */,
			);
			runOnlyForDeploymentPostprocessing = 0;
		};
/* End PBXSourcesBuildPhase section */

/* Begin PBXTargetDependency section */
		AA55722819FCE290003A1473 /* PBXTargetDependency */ = {
			isa = PBXTargetDependency;
			target = AA55721019FCE290003A1473 /* AutoLayoutHelper */;
			targetProxy = AA55722719FCE290003A1473 /* PBXContainerItemProxy */;
		};
/* End PBXTargetDependency section */

/* Begin PBXVariantGroup section */
		AA55721A19FCE290003A1473 /* Main.storyboard */ = {
			isa = PBXVariantGroup;
			children = (
				AA55721B19FCE290003A1473 /* Base */,
			);
			name = Main.storyboard;
			sourceTree = "<group>";
		};
		AA55721F19FCE290003A1473 /* LaunchScreen.xib */ = {
			isa = PBXVariantGroup;
			children = (
				AA55722019FCE290003A1473 /* Base */,
			);
			name = LaunchScreen.xib;
			sourceTree = "<group>";
		};
/* End PBXVariantGroup section */

/* Begin XCBuildConfiguration section */
		AA55722E19FCE290003A1473 /* Debug */ = {
			isa = XCBuildConfiguration;
			buildSettings = {
				ALWAYS_SEARCH_USER_PATHS = NO;
				CLANG_CXX_LANGUAGE_STANDARD = "gnu++0x";
				CLANG_CXX_LIBRARY = "libc++";
				CLANG_ENABLE_MODULES = YES;
				CLANG_ENABLE_OBJC_ARC = YES;
				CLANG_WARN_BOOL_CONVERSION = YES;
				CLANG_WARN_CONSTANT_CONVERSION = YES;
				CLANG_WARN_DIRECT_OBJC_ISA_USAGE = YES_ERROR;
				CLANG_WARN_EMPTY_BODY = YES;
				CLANG_WARN_ENUM_CONVERSION = YES;
				CLANG_WARN_INT_CONVERSION = YES;
				CLANG_WARN_OBJC_ROOT_CLASS = YES_ERROR;
				CLANG_WARN_UNREACHABLE_CODE = YES;
				CLANG_WARN__DUPLICATE_METHOD_MATCH = YES;
				"CODE_SIGN_IDENTITY[sdk=iphoneos*]" = "iPhone Developer";
				COPY_PHASE_STRIP = NO;
				ENABLE_STRICT_OBJC_MSGSEND = YES;
				GCC_C_LANGUAGE_STANDARD = gnu99;
				GCC_DYNAMIC_NO_PIC = NO;
				GCC_OPTIMIZATION_LEVEL = 0;
				GCC_PREPROCESSOR_DEFINITIONS = (
					"DEBUG=1",
					"$(inherited)",
				);
				GCC_SYMBOLS_PRIVATE_EXTERN = NO;
				GCC_WARN_64_TO_32_BIT_CONVERSION = YES;
				GCC_WARN_ABOUT_RETURN_TYPE = YES_ERROR;
				GCC_WARN_UNDECLARED_SELECTOR = YES;
				GCC_WARN_UNINITIALIZED_AUTOS = YES_AGGRESSIVE;
				GCC_WARN_UNUSED_FUNCTION = YES;
				GCC_WARN_UNUSED_VARIABLE = YES;
				IPHONEOS_DEPLOYMENT_TARGET = 8.1;
				MTL_ENABLE_DEBUG_INFO = YES;
				ONLY_ACTIVE_ARCH = YES;
				SDKROOT = iphoneos;
				SWIFT_OPTIMIZATION_LEVEL = "-Onone";
				TARGETED_DEVICE_FAMILY = "1,2";
			};
			name = Debug;
		};
		AA55722F19FCE290003A1473 /* Release */ = {
			isa = XCBuildConfiguration;
			buildSettings = {
				ALWAYS_SEARCH_USER_PATHS = NO;
				CLANG_CXX_LANGUAGE_STANDARD = "gnu++0x";
				CLANG_CXX_LIBRARY = "libc++";
				CLANG_ENABLE_MODULES = YES;
				CLANG_ENABLE_OBJC_ARC = YES;
				CLANG_WARN_BOOL_CONVERSION = YES;
				CLANG_WARN_CONSTANT_CONVERSION = YES;
				CLANG_WARN_DIRECT_OBJC_ISA_USAGE = YES_ERROR;
				CLANG_WARN_EMPTY_BODY = YES;
				CLANG_WARN_ENUM_CONVERSION = YES;
				CLANG_WARN_INT_CONVERSION = YES;
				CLANG_WARN_OBJC_ROOT_CLASS = YES_ERROR;
				CLANG_WARN_UNREACHABLE_CODE = YES;
				CLANG_WARN__DUPLICATE_METHOD_MATCH = YES;
				"CODE_SIGN_IDENTITY[sdk=iphoneos*]" = "iPhone Developer";
				COPY_PHASE_STRIP = YES;
				ENABLE_NS_ASSERTIONS = NO;
				ENABLE_STRICT_OBJC_MSGSEND = YES;
				GCC_C_LANGUAGE_STANDARD = gnu99;
				GCC_WARN_64_TO_32_BIT_CONVERSION = YES;
				GCC_WARN_ABOUT_RETURN_TYPE = YES_ERROR;
				GCC_WARN_UNDECLARED_SELECTOR = YES;
				GCC_WARN_UNINITIALIZED_AUTOS = YES_AGGRESSIVE;
				GCC_WARN_UNUSED_FUNCTION = YES;
				GCC_WARN_UNUSED_VARIABLE = YES;
				IPHONEOS_DEPLOYMENT_TARGET = 8.1;
				MTL_ENABLE_DEBUG_INFO = NO;
				SDKROOT = iphoneos;
				TARGETED_DEVICE_FAMILY = "1,2";
				VALIDATE_PRODUCT = YES;
			};
			name = Release;
		};
		AA55723119FCE290003A1473 /* Debug */ = {
			isa = XCBuildConfiguration;
			buildSettings = {
				ASSETCATALOG_COMPILER_APPICON_NAME = AppIcon;
				INFOPLIST_FILE = AutoLayoutHelper/Info.plist;
				LD_RUNPATH_SEARCH_PATHS = "$(inherited) @executable_path/Frameworks";
				PRODUCT_NAME = "$(TARGET_NAME)";
			};
			name = Debug;
		};
		AA55723219FCE290003A1473 /* Release */ = {
			isa = XCBuildConfiguration;
			buildSettings = {
				ASSETCATALOG_COMPILER_APPICON_NAME = AppIcon;
				INFOPLIST_FILE = AutoLayoutHelper/Info.plist;
				LD_RUNPATH_SEARCH_PATHS = "$(inherited) @executable_path/Frameworks";
				PRODUCT_NAME = "$(TARGET_NAME)";
			};
			name = Release;
		};
		AA55723419FCE290003A1473 /* Debug */ = {
			isa = XCBuildConfiguration;
			buildSettings = {
				BUNDLE_LOADER = "$(TEST_HOST)";
				FRAMEWORK_SEARCH_PATHS = (
					"$(SDKROOT)/Developer/Library/Frameworks",
					"$(inherited)",
				);
				GCC_PREPROCESSOR_DEFINITIONS = (
					"DEBUG=1",
					"$(inherited)",
				);
				INFOPLIST_FILE = AutoLayoutHelperTests/Info.plist;
				LD_RUNPATH_SEARCH_PATHS = "$(inherited) @executable_path/Frameworks @loader_path/Frameworks";
				PRODUCT_NAME = "$(TARGET_NAME)";
				TEST_HOST = "$(BUILT_PRODUCTS_DIR)/AutoLayoutHelper.app/AutoLayoutHelper";
			};
			name = Debug;
		};
		AA55723519FCE290003A1473 /* Release */ = {
			isa = XCBuildConfiguration;
			buildSettings = {
				BUNDLE_LOADER = "$(TEST_HOST)";
				FRAMEWORK_SEARCH_PATHS = (
					"$(SDKROOT)/Developer/Library/Frameworks",
					"$(inherited)",
				);
				INFOPLIST_FILE = AutoLayoutHelperTests/Info.plist;
				LD_RUNPATH_SEARCH_PATHS = "$(inherited) @executable_path/Frameworks @loader_path/Frameworks";
				PRODUCT_NAME = "$(TARGET_NAME)";
				TEST_HOST = "$(BUILT_PRODUCTS_DIR)/AutoLayoutHelper.app/AutoLayoutHelper";
			};
			name = Release;
		};
/* End XCBuildConfiguration section */

/* Begin XCConfigurationList section */
		AA55720C19FCE290003A1473 /* Build configuration list for PBXProject "AutoLayoutHelper" */ = {
			isa = XCConfigurationList;
			buildConfigurations = (
				AA55722E19FCE290003A1473 /* Debug */,
				AA55722F19FCE290003A1473 /* Release */,
			);
			defaultConfigurationIsVisible = 0;
			defaultConfigurationName = Release;
		};
		AA55723019FCE290003A1473 /* Build configuration list for PBXNativeTarget "AutoLayoutHelper" */ = {
			isa = XCConfigurationList;
			buildConfigurations = (
				AA55723119FCE290003A1473 /* Debug */,
				AA55723219FCE290003A1473 /* Release */,
			);
			defaultConfigurationIsVisible = 0;
			defaultConfigurationName = Release;
		};
		AA55723319FCE290003A1473 /* Build configuration list for PBXNativeTarget "AutoLayoutHelperTests" */ = {
			isa = XCConfigurationList;
			buildConfigurations = (
				AA55723419FCE290003A1473 /* Debug */,
				AA55723519FCE290003A1473 /* Release */,
			);
			defaultConfigurationIsVisible = 0;
			defaultConfigurationName = Release;
		};
/* End XCConfigurationList section */
	};
	rootObject = AA55720919FCE290003A1473 /* Project object */;
}
